
Microsoft Visual Studio Solution File, Format Version 12.00
# Visual Studio Version 17
VisualStudioVersion = 17.3.32825.248
MinimumVisualStudioVersion = 10.0.40219.1
Project("{2C2764EF-C6BA-4353-991A-213EB22BD9AE}") = "Harp.AnalogInput", "Harp.AnalogInput\Harp.AnalogInput.csproj", "{526AEAA2-AE27-457C-A4B4-913951CC8547}"
EndProject
Global
	GlobalSection(SolutionConfigurationPlatforms) = preSolution
		Debug|Any CPU = Debug|Any CPU
		Release|Any CPU = Release|Any CPU
	EndGlobalSection
	GlobalSection(ProjectConfigurationPlatforms) = postSolution
		{526AEAA2-AE27-457C-A4B4-913951CC8547}.Debug|Any CPU.ActiveCfg = Debug|Any CPU
		{526AEAA2-AE27-457C-A4B4-913951CC8547}.Debug|Any CPU.Build.0 = Debug|Any CPU
		{526AEAA2-AE27-457C-A4B4-913951CC8547}.Release|Any CPU.ActiveCfg = Release|Any CPU
		{526AEAA2-AE27-457C-A4B4-913951CC8547}.Release|Any CPU.Build.0 = Release|Any CPU
	EndGlobalSection
	GlobalSection(SolutionProperties) = preSolution
		HideSolutionNode = FALSE
	EndGlobalSection
	GlobalSection(ExtensibilityGlobals) = postSolution
		SolutionGuid = {A822F2F2-F697-4FA4-A41C-F737BD4B5C35}
	EndGlobalSection
EndGlobal
